// !$*UTF8*$!
{
	archiveVersion = 1;
	classes = {
	};
	objectVersion = 46;
	objects = {

/* Begin PBXBuildFile section */
		60F9B0781D7F10EA00DBAC8C /* AppDelegate.swift in Sources */ = {isa = PBXBuildFile; fileRef = 60F9B0771D7F10EA00DBAC8C /* AppDelegate.swift */; };
		60F9B07A1D7F10EA00DBAC8C /* ViewController.swift in Sources */ = {isa = PBXBuildFile; fileRef = 60F9B0791D7F10EA00DBAC8C /* ViewController.swift */; };
		60F9B07D1D7F10EA00DBAC8C /* Main.storyboard in Resources */ = {isa = PBXBuildFile; fileRef = 60F9B07B1D7F10EA00DBAC8C /* Main.storyboard */; };
		60F9B07F1D7F10EA00DBAC8C /* Assets.xcassets in Resources */ = {isa = PBXBuildFile; fileRef = 60F9B07E1D7F10EA00DBAC8C /* Assets.xcassets */; };
		60F9B0821D7F10EA00DBAC8C /* LaunchScreen.storyboard in Resources */ = {isa = PBXBuildFile; fileRef = 60F9B0801D7F10EA00DBAC8C /* LaunchScreen.storyboard */; };
/* End PBXBuildFile section */

/* Begin PBXFileReference section */
		60F9B0741D7F10EA00DBAC8C /* RPS-OK.app */ = {isa = PBXFileReference; explicitFileType = wrapper.application; includeInIndex = 0; path = "RPS-OK.app"; sourceTree = BUILT_PRODUCTS_DIR; };
		60F9B0771D7F10EA00DBAC8C /* AppDelegate.swift */ = {isa = PBXFileReference; lastKnownFileType = sourcecode.swift; path = AppDelegate.swift; sourceTree = "<group>"; };
		60F9B0791D7F10EA00DBAC8C /* ViewController.swift */ = {isa = PBXFileReference; lastKnownFileType = sourcecode.swift; path = ViewController.swift; sourceTree = "<group>"; };
		60F9B07C1D7F10EA00DBAC8C /* Base */ = {isa = PBXFileReference; lastKnownFileType = file.storyboard; name = Base; path = Base.lproj/Main.storyboard; sourceTree = "<group>"; };
		60F9B07E1D7F10EA00DBAC8C /* Assets.xcassets */ = {isa = PBXFileReference; lastKnownFileType = folder.assetcatalog; path = Assets.xcassets; sourceTree = "<group>"; };
		60F9B0811D7F10EA00DBAC8C /* Base */ = {isa = PBXFileReference; lastKnownFileType = file.storyboard; name = Base; path = Base.lproj/LaunchScreen.storyboard; sourceTree = "<group>"; };
		60F9B0831D7F10EA00DBAC8C /* Info.plist */ = {isa = PBXFileReference; lastKnownFileType = text.plist.xml; path = Info.plist; sourceTree = "<group>"; };
/* End PBXFileReference section */

/* Begin PBXFrameworksBuildPhase section */
		60F9B0711D7F10EA00DBAC8C /* Frameworks */ = {
			isa = PBXFrameworksBuildPhase;
			buildActionMask = 2147483647;
			files = (
			);
			runOnlyForDeploymentPostprocessing = 0;
		};
/* End PBXFrameworksBuildPhase section */

/* Begin PBXGroup section */
		60F9B06B1D7F10EA00DBAC8C = {
			isa = PBXGroup;
			children = (
				60F9B0761D7F10EA00DBAC8C /* RPS-OK */,
				60F9B0751D7F10EA00DBAC8C /* Products */,
			);
			sourceTree = "<group>";
		};
		60F9B0751D7F10EA00DBAC8C /* Products */ = {
			isa = PBXGroup;
			children = (
				60F9B0741D7F10EA00DBAC8C /* RPS-OK.app */,
			);
			name = Products;
			sourceTree = "<group>";
		};
		60F9B0761D7F10EA00DBAC8C /* RPS-OK */ = {
			isa = PBXGroup;
			children = (
				60F9B0771D7F10EA00DBAC8C /* AppDelegate.swift */,
				60F9B0791D7F10EA00DBAC8C /* ViewController.swift */,
				60F9B07B1D7F10EA00DBAC8C /* Main.storyboard */,
				60F9B07E1D7F10EA00DBAC8C /* Assets.xcassets */,
				60F9B0801D7F10EA00DBAC8C /* LaunchScreen.storyboard */,
				60F9B0831D7F10EA00DBAC8C /* Info.plist */,
			);
			path = "RPS-OK";
			sourceTree = "<group>";
		};
/* End PBXGroup section */

/* Begin PBXNativeTarget section */
		60F9B0731D7F10EA00DBAC8C /* RPS-OK */ = {
			isa = PBXNativeTarget;
			buildConfigurationList = 60F9B0861D7F10EA00DBAC8C /* Build configuration list for PBXNativeTarget "RPS-OK" */;
			buildPhases = (
				60F9B0701D7F10EA00DBAC8C /* Sources */,
				60F9B0711D7F10EA00DBAC8C /* Frameworks */,
				60F9B0721D7F10EA00DBAC8C /* Resources */,
			);
			buildRules = (
			);
			dependencies = (
			);
			name = "RPS-OK";
			productName = "RPS-OK";
			productReference = 60F9B0741D7F10EA00DBAC8C /* RPS-OK.app */;
			productType = "com.apple.product-type.application";
		};
/* End PBXNativeTarget section */

/* Begin PBXProject section */
		60F9B06C1D7F10EA00DBAC8C /* Project object */ = {
			isa = PBXProject;
			attributes = {
				LastSwiftUpdateCheck = 0730;
				LastUpgradeCheck = 0730;
				ORGANIZATIONNAME = orta;
				TargetAttributes = {
					60F9B0731D7F10EA00DBAC8C = {
						CreatedOnToolsVersion = 7.3.1;
					};
				};
			};
			buildConfigurationList = 60F9B06F1D7F10EA00DBAC8C /* Build configuration list for PBXProject "RPS-OK" */;
			compatibilityVersion = "Xcode 3.2";
			developmentRegion = English;
			hasScannedForEncodings = 0;
			knownRegions = (
				en,
				Base,
			);
			mainGroup = 60F9B06B1D7F10EA00DBAC8C;
			productRefGroup = 60F9B0751D7F10EA00DBAC8C /* Products */;
			projectDirPath = "";
			projectRoot = "";
			targets = (
				60F9B0731D7F10EA00DBAC8C /* RPS-OK */,
			);
		};
/* End PBXProject section */

/* Begin PBXResourcesBuildPhase section */
		60F9B0721D7F10EA00DBAC8C /* Resources */ = {
			isa = PBXResourcesBuildPhase;
			buildActionMask = 2147483647;
			files = (
				60F9B0821D7F10EA00DBAC8C /* LaunchScreen.storyboard in Resources */,
				60F9B07F1D7F10EA00DBAC8C /* Assets.xcassets in Resources */,
				60F9B07D1D7F10EA00DBAC8C /* Main.storyboard in Resources */,
			);
			runOnlyForDeploymentPostprocessing = 0;
		};
/* End PBXResourcesBuildPhase section */

/* Begin PBXSourcesBuildPhase section */
		60F9B0701D7F10EA00DBAC8C /* Sources */ = {
			isa = PBXSourcesBuildPhase;
			buildActionMask = 2147483647;
			files = (
				60F9B07A1D7F10EA00DBAC8C /* ViewController.swift in Sources */,
				60F9B0781D7F10EA00DBAC8C /* AppDelegate.swift in Sources */,
			);
			runOnlyForDeploymentPostprocessing = 0;
		};
/* End PBXSourcesBuildPhase section */

/* Begin PBXVariantGroup section */
		60F9B07B1D7F10EA00DBAC8C /* Main.storyboard */ = {
			isa = PBXVariantGroup;
			children = (
				60F9B07C1D7F10EA00DBAC8C /* Base */,
			);
			name = Main.storyboard;
			sourceTree = "<group>";
		};
		60F9B0801D7F10EA00DBAC8C /* LaunchScreen.storyboard */ = {
			isa = PBXVariantGroup;
			children = (
				60F9B0811D7F10EA00DBAC8C /* Base */,
			);
			name = LaunchScreen.storyboard;
			sourceTree = "<group>";
		};
/* End PBXVariantGroup section */

/* Begin XCBuildConfiguration section */
		60F9B0841D7F10EA00DBAC8C /* Debug */ = {
			isa = XCBuildConfiguration;
			buildSettings = {
				ALWAYS_SEARCH_USER_PATHS = NO;
				CLANG_ANALYZER_NONNULL = YES;
				CLANG_CXX_LANGUAGE_STANDARD = "gnu++0x";
				CLANG_CXX_LIBRARY = "libc++";
				CLANG_ENABLE_MODULES = YES;
				CLANG_ENABLE_OBJC_ARC = YES;
				CLANG_WARN_BOOL_CONVERSION = YES;
				CLANG_WARN_CONSTANT_CONVERSION = YES;
				CLANG_WARN_DIRECT_OBJC_ISA_USAGE = YES_ERROR;
				CLANG_WARN_EMPTY_BODY = YES;
				CLANG_WARN_ENUM_CONVERSION = YES;
				CLANG_WARN_INT_CONVERSION = YES;
				CLANG_WARN_OBJC_ROOT_CLASS = YES_ERROR;
				CLANG_WARN_UNREACHABLE_CODE = YES;
				CLANG_WARN__DUPLICATE_METHOD_MATCH = YES;
				"CODE_SIGN_IDENTITY[sdk=iphoneos*]" = "iPhone Developer";
				COPY_PHASE_STRIP = NO;
				DEBUG_INFORMATION_FORMAT = dwarf;
				ENABLE_STRICT_OBJC_MSGSEND = YES;
				ENABLE_TESTABILITY = YES;
				GCC_C_LANGUAGE_STANDARD = gnu99;
				GCC_DYNAMIC_NO_PIC = NO;
				GCC_NO_COMMON_BLOCKS = YES;
				GCC_OPTIMIZATION_LEVEL = 0;
				GCC_PREPROCESSOR_DEFINITIONS = (
					"DEBUG=1",
					"$(inherited)",
				);
				GCC_WARN_64_TO_32_BIT_CONVERSION = YES;
				GCC_WARN_ABOUT_RETURN_TYPE = YES_ERROR;
				GCC_WARN_UNDECLARED_SELECTOR = YES;
				GCC_WARN_UNINITIALIZED_AUTOS = YES_AGGRESSIVE;
				GCC_WARN_UNUSED_FUNCTION = YES;
				GCC_WARN_UNUSED_VARIABLE = YES;
				IPHONEOS_DEPLOYMENT_TARGET = 9.3;
				MTL_ENABLE_DEBUG_INFO = YES;
				ONLY_ACTIVE_ARCH = YES;
				SDKROOT = iphoneos;
				SWIFT_OPTIMIZATION_LEVEL = "-Onone";
			};
			name = Debug;
		};
		60F9B0851D7F10EA00DBAC8C /* Release */ = {
			isa = XCBuildConfiguration;
			buildSettings = {
				ALWAYS_SEARCH_USER_PATHS = NO;
				CLANG_ANALYZER_NONNULL = YES;
				CLANG_CXX_LANGUAGE_STANDARD = "gnu++0x";
				CLANG_CXX_LIBRARY = "libc++";
				CLANG_ENABLE_MODULES = YES;
				CLANG_ENABLE_OBJC_ARC = YES;
				CLANG_WARN_BOOL_CONVERSION = YES;
				CLANG_WARN_CONSTANT_CONVERSION = YES;
				CLANG_WARN_DIRECT_OBJC_ISA_USAGE = YES_ERROR;
				CLANG_WARN_EMPTY_BODY = YES;
				CLANG_WARN_ENUM_CONVERSION = YES;
				CLANG_WARN_INT_CONVERSION = YES;
				CLANG_WARN_OBJC_ROOT_CLASS = YES_ERROR;
				CLANG_WARN_UNREACHABLE_CODE = YES;
				CLANG_WARN__DUPLICATE_METHOD_MATCH = YES;
				"CODE_SIGN_IDENTITY[sdk=iphoneos*]" = "iPhone Developer";
				COPY_PHASE_STRIP = NO;
				DEBUG_INFORMATION_FORMAT = "dwarf-with-dsym";
				ENABLE_NS_ASSERTIONS = NO;
				ENABLE_STRICT_OBJC_MSGSEND = YES;
				GCC_C_LANGUAGE_STANDARD = gnu99;
				GCC_NO_COMMON_BLOCKS = YES;
				GCC_WARN_64_TO_32_BIT_CONVERSION = YES;
				GCC_WARN_ABOUT_RETURN_TYPE = YES_ERROR;
				GCC_WARN_UNDECLARED_SELECTOR = YES;
				GCC_WARN_UNINITIALIZED_AUTOS = YES_AGGRESSIVE;
				GCC_WARN_UNUSED_FUNCTION = YES;
				GCC_WARN_UNUSED_VARIABLE = YES;
				IPHONEOS_DEPLOYMENT_TARGET = 9.3;
				MTL_ENABLE_DEBUG_INFO = NO;
				SDKROOT = iphoneos;
				VALIDATE_PRODUCT = YES;
			};
			name = Release;
		};
		60F9B0871D7F10EA00DBAC8C /* Debug */ = {
			isa = XCBuildConfiguration;
			buildSettings = {
				ASSETCATALOG_COMPILER_APPICON_NAME = AppIcon;
				INFOPLIST_FILE = "RPS-OK/Info.plist";
				LD_RUNPATH_SEARCH_PATHS = "$(inherited) @executable_path/Frameworks";
				PRODUCT_BUNDLE_IDENTIFIER = "io.orta.RPS-OK";
				PRODUCT_NAME = "$(TARGET_NAME)";
			};
			name = Debug;
		};
		60F9B0881D7F10EA00DBAC8C /* Release */ = {
			isa = XCBuildConfiguration;
			buildSettings = {
				ASSETCATALOG_COMPILER_APPICON_NAME = AppIcon;
				INFOPLIST_FILE = "RPS-OK/Info.plist";
				LD_RUNPATH_SEARCH_PATHS = "$(inherited) @executable_path/Frameworks";
				PRODUCT_BUNDLE_IDENTIFIER = "io.orta.RPS-OK";
				PRODUCT_NAME = "$(TARGET_NAME)";
			};
			name = Release;
		};
/* End XCBuildConfiguration section */

/* Begin XCConfigurationList section */
		60F9B06F1D7F10EA00DBAC8C /* Build configuration list for PBXProject "RPS-OK" */ = {
			isa = XCConfigurationList;
			buildConfigurations = (
				60F9B0841D7F10EA00DBAC8C /* Debug */,
				60F9B0851D7F10EA00DBAC8C /* Release */,
			);
			defaultConfigurationIsVisible = 0;
			defaultConfigurationName = Release;
		};
		60F9B0861D7F10EA00DBAC8C /* Build configuration list for PBXNativeTarget "RPS-OK" */ = {
			isa = XCConfigurationList;
			buildConfigurations = (
				60F9B0871D7F10EA00DBAC8C /* Debug */,
				60F9B0881D7F10EA00DBAC8C /* Release */,
			);
			defaultConfigurationIsVisible = 0;
		};
/* End XCConfigurationList section */
	};
	rootObject = 60F9B06C1D7F10EA00DBAC8C /* Project object */;
}
